
Microsoft Visual Studio Solution File, Format Version 12.00
# Visual Studio Version 16
VisualStudioVersion = 16.0.31515.178
MinimumVisualStudioVersion = 10.0.40219.1
Project("{FAE04EC0-301F-11D3-BF4B-00C04F79EFBC}") = "ML", "ML\ML.csproj", "{59021ECD-C741-45CE-859C-12DBE82CA6B6}"
EndProject
Project("{FAE04EC0-301F-11D3-BF4B-00C04F79EFBC}") = "View", "View\View.csproj", "{8A00E33A-343A-49EB-9684-22280C6CD977}"
EndProject
Global
	GlobalSection(SolutionConfigurationPlatforms) = preSolution
		Debug|Any CPU = Debug|Any CPU
		Release|Any CPU = Release|Any CPU
	EndGlobalSection
	GlobalSection(ProjectConfigurationPlatforms) = postSolution
		{59021ECD-C741-45CE-859C-12DBE82CA6B6}.Debug|Any CPU.ActiveCfg = Debug|Any CPU
		{59021ECD-C741-45CE-859C-12DBE82CA6B6}.Debug|Any CPU.Build.0 = Debug|Any CPU
		{59021ECD-C741-45CE-859C-12DBE82CA6B6}.Release|Any CPU.ActiveCfg = Release|Any CPU
		{59021ECD-C741-45CE-859C-12DBE82CA6B6}.Release|Any CPU.Build.0 = Release|Any CPU
		{8A00E33A-343A-49EB-9684-22280C6CD977}.Debug|Any CPU.ActiveCfg = Debug|Any CPU
		{8A00E33A-343A-49EB-9684-22280C6CD977}.Debug|Any CPU.Build.0 = Debug|Any CPU
		{8A00E33A-343A-49EB-9684-22280C6CD977}.Release|Any CPU.ActiveCfg = Release|Any CPU
		{8A00E33A-343A-49EB-9684-22280C6CD977}.Release|Any CPU.Build.0 = Release|Any CPU
	EndGlobalSection
	GlobalSection(SolutionProperties) = preSolution
		HideSolutionNode = FALSE
	EndGlobalSection
	GlobalSection(ExtensibilityGlobals) = postSolution
		SolutionGuid = {704B0237-07AA-43A9-8008-51F59010EA8E}
	EndGlobalSection
EndGlobal
